{
  "pins" : [
    {
      "identity" : "clt-logger",
      "kind" : "remoteSourceControl",
      "location" : "https://github.com/xcode-actions/clt-logger.git",
      "state" : {
        "revision" : "a3e33f58aa30ec9c33f022dd512e00e0663606c1",
        "version" : "0.5.1"
      }
    },
    {
      "identity" : "stream-reader",
      "kind" : "remoteSourceControl",
      "location" : "https://github.com/Frizlab/stream-reader.git",
      "state" : {
        "revision" : "bae1bfb2fc2cdc6f89c3f6e89ef92d22039ef7b5",
        "version" : "3.5.0"
      }
    },
    {
      "identity" : "swift-argument-parser",
      "kind" : "remoteSourceControl",
      "location" : "https://github.com/apple/swift-argument-parser.git",
      "state" : {
        "revision" : "fee6933f37fde9a5e12a1e4aeaa93fe60116ff2a",
        "version" : "1.2.2"
      }
    },
    {
      "identity" : "swift-log",
      "kind" : "remoteSourceControl",
      "location" : "https://github.com/apple/swift-log.git",
      "state" : {
        "revision" : "32e8d724467f8fe623624570367e3d50c5638e46",
        "version" : "1.5.2"
      }
    },
    {
      "identity" : "swiftyrelativepath",
      "kind" : "remoteSourceControl",
      "location" : "https://github.com/neoneye/SwiftyRelativePath.git",
      "state" : {
        "revision" : "36c56e0b3269d58ee46ced1eef797ca2bd65a818",
        "version" : "1.0.0"
      }
    }
  ],
  "version" : 2
}
